// !$*UTF8*$!
{
	archiveVersion = 1;
	classes = {
	};
	objectVersion = 46;
	objects = {

/* Begin PBXBuildFile section */
		D80DEAFC1E3CBB9B0020A935 /* MobileCoreServices.framework in Frameworks */ = {isa = PBXBuildFile; fileRef = D80DEAFB1E3CBB9B0020A935 /* MobileCoreServices.framework */; };
		D80DEAFE1E3CBBA50020A935 /* AudioToolbox.framework in Frameworks */ = {isa = PBXBuildFile; fileRef = D80DEAFD1E3CBBA50020A935 /* AudioToolbox.framework */; };
		D81566051E3BC65E00832FCF /* RepoSectionController.swift in Sources */ = {isa = PBXBuildFile; fileRef = D81566041E3BC65E00832FCF /* RepoSectionController.swift */; };
		D81566061E3BC65E00832FCF /* RepoSectionController.swift in Sources */ = {isa = PBXBuildFile; fileRef = D81566041E3BC65E00832FCF /* RepoSectionController.swift */; };
		D81566081E3BC9C800832FCF /* RepositoryCell.swift in Sources */ = {isa = PBXBuildFile; fileRef = D81566071E3BC9C800832FCF /* RepositoryCell.swift */; };
		D81566091E3BC9C800832FCF /* RepositoryCell.swift in Sources */ = {isa = PBXBuildFile; fileRef = D81566071E3BC9C800832FCF /* RepositoryCell.swift */; };
		D815660A1E3BD03900832FCF /* ViewController.swift in Sources */ = {isa = PBXBuildFile; fileRef = D8E819FB1E3B63DB0098EC6B /* ViewController.swift */; };
		D815660E1E3C423500832FCF /* Fabric.framework in Frameworks */ = {isa = PBXBuildFile; fileRef = D815660C1E3C423500832FCF /* Fabric.framework */; };
		D815660F1E3C423500832FCF /* Crashlytics.framework in Frameworks */ = {isa = PBXBuildFile; fileRef = D815660D1E3C423500832FCF /* Crashlytics.framework */; };
		D81566111E3C58FA00832FCF /* FastViewController.swift in Sources */ = {isa = PBXBuildFile; fileRef = D81566101E3C58FA00832FCF /* FastViewController.swift */; };
		D81566121E3C58FA00832FCF /* FastViewController.swift in Sources */ = {isa = PBXBuildFile; fileRef = D81566101E3C58FA00832FCF /* FastViewController.swift */; };
		D829BE741E3F9EA200FB52F6 /* RandomKit.framework in Frameworks */ = {isa = PBXBuildFile; fileRef = D829BE721E3F9EA200FB52F6 /* RandomKit.framework */; };
		D829BE751E3F9EA200FB52F6 /* ShiftOperations.framework in Frameworks */ = {isa = PBXBuildFile; fileRef = D829BE731E3F9EA200FB52F6 /* ShiftOperations.framework */; };
		D83A92EF1E3C5D3500592A19 /* EmptyView.swift in Sources */ = {isa = PBXBuildFile; fileRef = D83A92EE1E3C5D3500592A19 /* EmptyView.swift */; };
		D83A92F01E3C5D3500592A19 /* EmptyView.swift in Sources */ = {isa = PBXBuildFile; fileRef = D83A92EE1E3C5D3500592A19 /* EmptyView.swift */; };
		D84877501E3E189600361E60 /* SwiftyJSON.framework in Frameworks */ = {isa = PBXBuildFile; fileRef = D848774F1E3E189600361E60 /* SwiftyJSON.framework */; };
		D86BBAA41E3F1FF100561BDE /* userRepositories_Sample.json in Resources */ = {isa = PBXBuildFile; fileRef = D86BBAA31E3F1FF100561BDE /* userRepositories_Sample.json */; };
		D86BBAA61E3F214500561BDE /* TestHelper.swift in Sources */ = {isa = PBXBuildFile; fileRef = D86BBAA51E3F214500561BDE /* TestHelper.swift */; };
		D88D20A91E49B15F00A49642 /* UITest.swift in Sources */ = {isa = PBXBuildFile; fileRef = D88D20A81E49B15F00A49642 /* UITest.swift */; };
		D8A69DEB1E4EEF8A008484D1 /* ReSwift.framework in Frameworks */ = {isa = PBXBuildFile; fileRef = D8A69DEA1E4EEF8A008484D1 /* ReSwift.framework */; };
		D8A69DED1E4EF065008484D1 /* CounterReducer.swift in Sources */ = {isa = PBXBuildFile; fileRef = D8A69DEC1E4EF065008484D1 /* CounterReducer.swift */; };
		D8ABD8571E45D24B008B577E /* Chameleon.framework in Frameworks */ = {isa = PBXBuildFile; fileRef = D8ABD8561E45D24B008B577E /* Chameleon.framework */; };
		D8ABD8581E45D4EE008B577E /* Main.storyboard in Resources */ = {isa = PBXBuildFile; fileRef = D8E819FD1E3B63DB0098EC6B /* Main.storyboard */; };
		D8C50C9E1E45DE840059A592 /* ExtTest.swift in Sources */ = {isa = PBXBuildFile; fileRef = D8C50C9D1E45DE840059A592 /* ExtTest.swift */; };
		D8D1B36F1E3EE062003329D2 /* BuddyBuildSDK.framework in Frameworks */ = {isa = PBXBuildFile; fileRef = D8D1B36E1E3EE062003329D2 /* BuddyBuildSDK.framework */; };
		D8D1B3741E3EE16B003329D2 /* AssetsLibrary.framework in Frameworks */ = {isa = PBXBuildFile; fileRef = D8D1B3731E3EE16B003329D2 /* AssetsLibrary.framework */; };
		D8D1B3761E3EE177003329D2 /* CoreTelephony.framework in Frameworks */ = {isa = PBXBuildFile; fileRef = D8D1B3751E3EE177003329D2 /* CoreTelephony.framework */; };
		D8D1B3781E3EE17E003329D2 /* CoreText.framework in Frameworks */ = {isa = PBXBuildFile; fileRef = D8D1B3771E3EE17E003329D2 /* CoreText.framework */; };
		D8D1B37A1E3EE184003329D2 /* CoreMedia.framework in Frameworks */ = {isa = PBXBuildFile; fileRef = D8D1B3791E3EE184003329D2 /* CoreMedia.framework */; };
		D8D1B37C1E3EE189003329D2 /* AVFoundation.framework in Frameworks */ = {isa = PBXBuildFile; fileRef = D8D1B37B1E3EE189003329D2 /* AVFoundation.framework */; };
		D8D1B37E1E3EE191003329D2 /* CoreVideo.framework in Frameworks */ = {isa = PBXBuildFile; fileRef = D8D1B37D1E3EE191003329D2 /* CoreVideo.framework */; };
		D8D1B3801E3EE199003329D2 /* QuartzCore.framework in Frameworks */ = {isa = PBXBuildFile; fileRef = D8D1B37F1E3EE199003329D2 /* QuartzCore.framework */; };
		D8D1B3821E3EE19E003329D2 /* SystemConfiguration.framework in Frameworks */ = {isa = PBXBuildFile; fileRef = D8D1B3811E3EE19E003329D2 /* SystemConfiguration.framework */; };
		D8E819FA1E3B63DB0098EC6B /* AppDelegate.swift in Sources */ = {isa = PBXBuildFile; fileRef = D8E819F91E3B63DB0098EC6B /* AppDelegate.swift */; };
		D8E819FC1E3B63DB0098EC6B /* ViewController.swift in Sources */ = {isa = PBXBuildFile; fileRef = D8E819FB1E3B63DB0098EC6B /* ViewController.swift */; };
		D8E819FF1E3B63DB0098EC6B /* Main.storyboard in Resources */ = {isa = PBXBuildFile; fileRef = D8E819FD1E3B63DB0098EC6B /* Main.storyboard */; };
		D8E81A011E3B63DB0098EC6B /* Assets.xcassets in Resources */ = {isa = PBXBuildFile; fileRef = D8E81A001E3B63DB0098EC6B /* Assets.xcassets */; };
		D8E81A041E3B63DB0098EC6B /* LaunchScreen.storyboard in Resources */ = {isa = PBXBuildFile; fileRef = D8E81A021E3B63DB0098EC6B /* LaunchScreen.storyboard */; };
		D8E81A121E3B83D50098EC6B /* Api.swift in Sources */ = {isa = PBXBuildFile; fileRef = D8E81A111E3B83D50098EC6B /* Api.swift */; };
		D8E81A1A1E3B91FE0098EC6B /* myGithubTests.swift in Sources */ = {isa = PBXBuildFile; fileRef = D8E81A191E3B91FE0098EC6B /* myGithubTests.swift */; };
		D8E81A851E3B9C560098EC6B /* Api.swift in Sources */ = {isa = PBXBuildFile; fileRef = D8E81A111E3B83D50098EC6B /* Api.swift */; };
		D8E81AAC1E3BBD590098EC6B /* RepositoriesLoader.swift in Sources */ = {isa = PBXBuildFile; fileRef = D8E81AAB1E3BBD590098EC6B /* RepositoriesLoader.swift */; };
		D8E81AAD1E3BBD590098EC6B /* RepositoriesLoader.swift in Sources */ = {isa = PBXBuildFile; fileRef = D8E81AAB1E3BBD590098EC6B /* RepositoriesLoader.swift */; };
		D8EC1A881E3E486F00D378AE /* GDPerformanceView.framework in Frameworks */ = {isa = PBXBuildFile; fileRef = D8EC1A871E3E486F00D378AE /* GDPerformanceView.framework */; };
/* End PBXBuildFile section */

/* Begin PBXContainerItemProxy section */
		D8E81A1C1E3B91FE0098EC6B /* PBXContainerItemProxy */ = {
			isa = PBXContainerItemProxy;
			containerPortal = D8E819EE1E3B63DB0098EC6B /* Project object */;
			proxyType = 1;
			remoteGlobalIDString = D8E819F51E3B63DB0098EC6B;
			remoteInfo = myGithub;
		};
/* End PBXContainerItemProxy section */

/* Begin PBXCopyFilesBuildPhase section */
		D8E81A911E3BA3CE0098EC6B /* Embed Frameworks */ = {
			isa = PBXCopyFilesBuildPhase;
			buildActionMask = 2147483647;
			dstPath = "";
			dstSubfolderSpec = 10;
			files = (
			);
			name = "Embed Frameworks";
			runOnlyForDeploymentPostprocessing = 0;
		};
/* End PBXCopyFilesBuildPhase section */

/* Begin PBXFileReference section */
		D80DEAFB1E3CBB9B0020A935 /* MobileCoreServices.framework */ = {isa = PBXFileReference; lastKnownFileType = wrapper.framework; name = MobileCoreServices.framework; path = System/Library/Frameworks/MobileCoreServices.framework; sourceTree = SDKROOT; };
		D80DEAFD1E3CBBA50020A935 /* AudioToolbox.framework */ = {isa = PBXFileReference; lastKnownFileType = wrapper.framework; name = AudioToolbox.framework; path = System/Library/Frameworks/AudioToolbox.framework; sourceTree = SDKROOT; };
		D81566041E3BC65E00832FCF /* RepoSectionController.swift */ = {isa = PBXFileReference; fileEncoding = 4; lastKnownFileType = sourcecode.swift; path = RepoSectionController.swift; sourceTree = "<group>"; };
		D81566071E3BC9C800832FCF /* RepositoryCell.swift */ = {isa = PBXFileReference; fileEncoding = 4; lastKnownFileType = sourcecode.swift; path = RepositoryCell.swift; sourceTree = "<group>"; };
		D815660C1E3C423500832FCF /* Fabric.framework */ = {isa = PBXFileReference; lastKnownFileType = wrapper.framework; path = Fabric.framework; sourceTree = "<group>"; };
		D815660D1E3C423500832FCF /* Crashlytics.framework */ = {isa = PBXFileReference; lastKnownFileType = wrapper.framework; path = Crashlytics.framework; sourceTree = "<group>"; };
		D81566101E3C58FA00832FCF /* FastViewController.swift */ = {isa = PBXFileReference; fileEncoding = 4; lastKnownFileType = sourcecode.swift; path = FastViewController.swift; sourceTree = "<group>"; };
		D829BE721E3F9EA200FB52F6 /* RandomKit.framework */ = {isa = PBXFileReference; lastKnownFileType = wrapper.framework; name = RandomKit.framework; path = Carthage/Build/iOS/RandomKit.framework; sourceTree = "<group>"; };
		D829BE731E3F9EA200FB52F6 /* ShiftOperations.framework */ = {isa = PBXFileReference; lastKnownFileType = wrapper.framework; name = ShiftOperations.framework; path = Carthage/Build/iOS/ShiftOperations.framework; sourceTree = "<group>"; };
		D83A92EE1E3C5D3500592A19 /* EmptyView.swift */ = {isa = PBXFileReference; fileEncoding = 4; lastKnownFileType = sourcecode.swift; path = EmptyView.swift; sourceTree = "<group>"; };
		D848774F1E3E189600361E60 /* SwiftyJSON.framework */ = {isa = PBXFileReference; lastKnownFileType = wrapper.framework; name = SwiftyJSON.framework; path = Carthage/Build/iOS/SwiftyJSON.framework; sourceTree = "<group>"; };
		D86BBAA31E3F1FF100561BDE /* userRepositories_Sample.json */ = {isa = PBXFileReference; fileEncoding = 4; lastKnownFileType = text.json; path = userRepositories_Sample.json; sourceTree = "<group>"; };
		D86BBAA51E3F214500561BDE /* TestHelper.swift */ = {isa = PBXFileReference; fileEncoding = 4; lastKnownFileType = sourcecode.swift; path = TestHelper.swift; sourceTree = "<group>"; };
		D88D20A61E49B0BC00A49642 /* XCTest_Gherkin.framework */ = {isa = PBXFileReference; lastKnownFileType = wrapper.framework; name = XCTest_Gherkin.framework; path = Carthage/Build/iOS/XCTest_Gherkin.framework; sourceTree = "<group>"; };
		D88D20A81E49B15F00A49642 /* UITest.swift */ = {isa = PBXFileReference; fileEncoding = 4; lastKnownFileType = sourcecode.swift; path = UITest.swift; sourceTree = "<group>"; };
		D8A69DEA1E4EEF8A008484D1 /* ReSwift.framework */ = {isa = PBXFileReference; lastKnownFileType = wrapper.framework; name = ReSwift.framework; path = Carthage/Build/iOS/ReSwift.framework; sourceTree = "<group>"; };
		D8A69DEC1E4EF065008484D1 /* CounterReducer.swift */ = {isa = PBXFileReference; fileEncoding = 4; lastKnownFileType = sourcecode.swift; path = CounterReducer.swift; sourceTree = "<group>"; };
		D8ABD8561E45D24B008B577E /* Chameleon.framework */ = {isa = PBXFileReference; lastKnownFileType = wrapper.framework; name = Chameleon.framework; path = Carthage/Build/iOS/Chameleon.framework; sourceTree = "<group>"; };
		D8C50C9D1E45DE840059A592 /* ExtTest.swift */ = {isa = PBXFileReference; fileEncoding = 4; lastKnownFileType = sourcecode.swift; path = ExtTest.swift; sourceTree = "<group>"; };
		D8D1B36E1E3EE062003329D2 /* BuddyBuildSDK.framework */ = {isa = PBXFileReference; lastKnownFileType = wrapper.framework; path = BuddyBuildSDK.framework; sourceTree = "<group>"; };
		D8D1B3701E3EE12C003329D2 /* myGithub-Bridging-Header.h */ = {isa = PBXFileReference; lastKnownFileType = sourcecode.c.h; path = "myGithub-Bridging-Header.h"; sourceTree = "<group>"; };
		D8D1B3731E3EE16B003329D2 /* AssetsLibrary.framework */ = {isa = PBXFileReference; lastKnownFileType = wrapper.framework; name = AssetsLibrary.framework; path = System/Library/Frameworks/AssetsLibrary.framework; sourceTree = SDKROOT; };
		D8D1B3751E3EE177003329D2 /* CoreTelephony.framework */ = {isa = PBXFileReference; lastKnownFileType = wrapper.framework; name = CoreTelephony.framework; path = System/Library/Frameworks/CoreTelephony.framework; sourceTree = SDKROOT; };
		D8D1B3771E3EE17E003329D2 /* CoreText.framework */ = {isa = PBXFileReference; lastKnownFileType = wrapper.framework; name = CoreText.framework; path = System/Library/Frameworks/CoreText.framework; sourceTree = SDKROOT; };
		D8D1B3791E3EE184003329D2 /* CoreMedia.framework */ = {isa = PBXFileReference; lastKnownFileType = wrapper.framework; name = CoreMedia.framework; path = System/Library/Frameworks/CoreMedia.framework; sourceTree = SDKROOT; };
		D8D1B37B1E3EE189003329D2 /* AVFoundation.framework */ = {isa = PBXFileReference; lastKnownFileType = wrapper.framework; name = AVFoundation.framework; path = System/Library/Frameworks/AVFoundation.framework; sourceTree = SDKROOT; };
		D8D1B37D1E3EE191003329D2 /* CoreVideo.framework */ = {isa = PBXFileReference; lastKnownFileType = wrapper.framework; name = CoreVideo.framework; path = System/Library/Frameworks/CoreVideo.framework; sourceTree = SDKROOT; };
		D8D1B37F1E3EE199003329D2 /* QuartzCore.framework */ = {isa = PBXFileReference; lastKnownFileType = wrapper.framework; name = QuartzCore.framework; path = System/Library/Frameworks/QuartzCore.framework; sourceTree = SDKROOT; };
		D8D1B3811E3EE19E003329D2 /* SystemConfiguration.framework */ = {isa = PBXFileReference; lastKnownFileType = wrapper.framework; name = SystemConfiguration.framework; path = System/Library/Frameworks/SystemConfiguration.framework; sourceTree = SDKROOT; };
		D8E819F61E3B63DB0098EC6B /* myGithub.app */ = {isa = PBXFileReference; explicitFileType = wrapper.application; includeInIndex = 0; path = myGithub.app; sourceTree = BUILT_PRODUCTS_DIR; };
		D8E819F91E3B63DB0098EC6B /* AppDelegate.swift */ = {isa = PBXFileReference; lastKnownFileType = sourcecode.swift; path = AppDelegate.swift; sourceTree = "<group>"; };
		D8E819FB1E3B63DB0098EC6B /* ViewController.swift */ = {isa = PBXFileReference; lastKnownFileType = sourcecode.swift; path = ViewController.swift; sourceTree = "<group>"; };
		D8E819FE1E3B63DB0098EC6B /* Base */ = {isa = PBXFileReference; lastKnownFileType = file.storyboard; name = Base; path = Base.lproj/Main.storyboard; sourceTree = "<group>"; };
		D8E81A001E3B63DB0098EC6B /* Assets.xcassets */ = {isa = PBXFileReference; lastKnownFileType = folder.assetcatalog; path = Assets.xcassets; sourceTree = "<group>"; };
		D8E81A031E3B63DB0098EC6B /* Base */ = {isa = PBXFileReference; lastKnownFileType = file.storyboard; name = Base; path = Base.lproj/LaunchScreen.storyboard; sourceTree = "<group>"; };
		D8E81A051E3B63DB0098EC6B /* Info.plist */ = {isa = PBXFileReference; lastKnownFileType = text.plist.xml; path = Info.plist; sourceTree = "<group>"; };
		D8E81A111E3B83D50098EC6B /* Api.swift */ = {isa = PBXFileReference; fileEncoding = 4; lastKnownFileType = sourcecode.swift; path = Api.swift; sourceTree = "<group>"; };
		D8E81A171E3B91FE0098EC6B /* myGithubTests.xctest */ = {isa = PBXFileReference; explicitFileType = wrapper.cfbundle; includeInIndex = 0; path = myGithubTests.xctest; sourceTree = BUILT_PRODUCTS_DIR; };
		D8E81A191E3B91FE0098EC6B /* myGithubTests.swift */ = {isa = PBXFileReference; lastKnownFileType = sourcecode.swift; path = myGithubTests.swift; sourceTree = "<group>"; };
		D8E81A1B1E3B91FE0098EC6B /* Info.plist */ = {isa = PBXFileReference; lastKnownFileType = text.plist.xml; path = Info.plist; sourceTree = "<group>"; };
		D8E81AAB1E3BBD590098EC6B /* RepositoriesLoader.swift */ = {isa = PBXFileReference; fileEncoding = 4; lastKnownFileType = sourcecode.swift; path = RepositoriesLoader.swift; sourceTree = "<group>"; };
		D8EC1A871E3E486F00D378AE /* GDPerformanceView.framework */ = {isa = PBXFileReference; lastKnownFileType = wrapper.framework; name = GDPerformanceView.framework; path = Carthage/Build/iOS/GDPerformanceView.framework; sourceTree = "<group>"; };
/* End PBXFileReference section */

/* Begin PBXFrameworksBuildPhase section */
		D8E819F31E3B63DB0098EC6B /* Frameworks */ = {
			isa = PBXFrameworksBuildPhase;
			buildActionMask = 2147483647;
			files = (
				D8A69DEB1E4EEF8A008484D1 /* ReSwift.framework in Frameworks */,
				D8ABD8571E45D24B008B577E /* Chameleon.framework in Frameworks */,
				D8D1B3821E3EE19E003329D2 /* SystemConfiguration.framework in Frameworks */,
				D8D1B3801E3EE199003329D2 /* QuartzCore.framework in Frameworks */,
				D8D1B37E1E3EE191003329D2 /* CoreVideo.framework in Frameworks */,
				D8D1B37C1E3EE189003329D2 /* AVFoundation.framework in Frameworks */,
				D8D1B37A1E3EE184003329D2 /* CoreMedia.framework in Frameworks */,
				D8D1B3781E3EE17E003329D2 /* CoreText.framework in Frameworks */,
				D8D1B3761E3EE177003329D2 /* CoreTelephony.framework in Frameworks */,
				D8D1B3741E3EE16B003329D2 /* AssetsLibrary.framework in Frameworks */,
				D8D1B36F1E3EE062003329D2 /* BuddyBuildSDK.framework in Frameworks */,
				D8EC1A881E3E486F00D378AE /* GDPerformanceView.framework in Frameworks */,
				D84877501E3E189600361E60 /* SwiftyJSON.framework in Frameworks */,
				D80DEAFE1E3CBBA50020A935 /* AudioToolbox.framework in Frameworks */,
				D80DEAFC1E3CBB9B0020A935 /* MobileCoreServices.framework in Frameworks */,
				D815660F1E3C423500832FCF /* Crashlytics.framework in Frameworks */,
				D815660E1E3C423500832FCF /* Fabric.framework in Frameworks */,
			);
			runOnlyForDeploymentPostprocessing = 0;
		};
		D8E81A141E3B91FE0098EC6B /* Frameworks */ = {
			isa = PBXFrameworksBuildPhase;
			buildActionMask = 2147483647;
			files = (
				D829BE741E3F9EA200FB52F6 /* RandomKit.framework in Frameworks */,
				D829BE751E3F9EA200FB52F6 /* ShiftOperations.framework in Frameworks */,
			);
			runOnlyForDeploymentPostprocessing = 0;
		};
/* End PBXFrameworksBuildPhase section */

/* Begin PBXGroup section */
		D88D20AB1E4AC9DB00A49642 /* Carthage */ = {
			isa = PBXGroup;
			children = (
			);
			path = Carthage;
			sourceTree = "<group>";
		};
		D8E819ED1E3B63DB0098EC6B = {
			isa = PBXGroup;
			children = (
				D8E819F81E3B63DB0098EC6B /* myGithub */,
				D8E81A181E3B91FE0098EC6B /* myGithubTests */,
				D8E819F71E3B63DB0098EC6B /* Products */,
				D8E81A0E1E3B6E700098EC6B /* Frameworks */,
			);
			sourceTree = "<group>";
		};
		D8E819F71E3B63DB0098EC6B /* Products */ = {
			isa = PBXGroup;
			children = (
				D8E819F61E3B63DB0098EC6B /* myGithub.app */,
				D8E81A171E3B91FE0098EC6B /* myGithubTests.xctest */,
			);
			name = Products;
			sourceTree = "<group>";
		};
		D8E819F81E3B63DB0098EC6B /* myGithub */ = {
			isa = PBXGroup;
			children = (
				D8E819F91E3B63DB0098EC6B /* AppDelegate.swift */,
				D8E819FB1E3B63DB0098EC6B /* ViewController.swift */,
				D8E819FD1E3B63DB0098EC6B /* Main.storyboard */,
				D8E81A001E3B63DB0098EC6B /* Assets.xcassets */,
				D8E81A021E3B63DB0098EC6B /* LaunchScreen.storyboard */,
				D8E81A051E3B63DB0098EC6B /* Info.plist */,
				D8E81A111E3B83D50098EC6B /* Api.swift */,
				D8E81AAB1E3BBD590098EC6B /* RepositoriesLoader.swift */,
				D81566041E3BC65E00832FCF /* RepoSectionController.swift */,
				D81566071E3BC9C800832FCF /* RepositoryCell.swift */,
				D81566101E3C58FA00832FCF /* FastViewController.swift */,
				D83A92EE1E3C5D3500592A19 /* EmptyView.swift */,
				D8D1B3701E3EE12C003329D2 /* myGithub-Bridging-Header.h */,
				D8A69DEC1E4EF065008484D1 /* CounterReducer.swift */,
			);
			path = myGithub;
			sourceTree = "<group>";
		};
		D8E81A0E1E3B6E700098EC6B /* Frameworks */ = {
			isa = PBXGroup;
			children = (
				D8A69DEA1E4EEF8A008484D1 /* ReSwift.framework */,
				D88D20AB1E4AC9DB00A49642 /* Carthage */,
				D88D20A61E49B0BC00A49642 /* XCTest_Gherkin.framework */,
				D8ABD8561E45D24B008B577E /* Chameleon.framework */,
				D829BE721E3F9EA200FB52F6 /* RandomKit.framework */,
				D829BE731E3F9EA200FB52F6 /* ShiftOperations.framework */,
				D8D1B3811E3EE19E003329D2 /* SystemConfiguration.framework */,
				D8D1B37F1E3EE199003329D2 /* QuartzCore.framework */,
				D8D1B37D1E3EE191003329D2 /* CoreVideo.framework */,
				D8D1B37B1E3EE189003329D2 /* AVFoundation.framework */,
				D8D1B3791E3EE184003329D2 /* CoreMedia.framework */,
				D8D1B3771E3EE17E003329D2 /* CoreText.framework */,
				D8D1B3751E3EE177003329D2 /* CoreTelephony.framework */,
				D8D1B3731E3EE16B003329D2 /* AssetsLibrary.framework */,
				D8D1B36E1E3EE062003329D2 /* BuddyBuildSDK.framework */,
				D8EC1A871E3E486F00D378AE /* GDPerformanceView.framework */,
				D848774F1E3E189600361E60 /* SwiftyJSON.framework */,
				D80DEAFD1E3CBBA50020A935 /* AudioToolbox.framework */,
				D80DEAFB1E3CBB9B0020A935 /* MobileCoreServices.framework */,
				D815660C1E3C423500832FCF /* Fabric.framework */,
				D815660D1E3C423500832FCF /* Crashlytics.framework */,
			);
			name = Frameworks;
			sourceTree = "<group>";
		};
		D8E81A181E3B91FE0098EC6B /* myGithubTests */ = {
			isa = PBXGroup;
			children = (
				D86BBAA31E3F1FF100561BDE /* userRepositories_Sample.json */,
				D8E81A191E3B91FE0098EC6B /* myGithubTests.swift */,
				D8E81A1B1E3B91FE0098EC6B /* Info.plist */,
				D86BBAA51E3F214500561BDE /* TestHelper.swift */,
				D8C50C9D1E45DE840059A592 /* ExtTest.swift */,
				D88D20A81E49B15F00A49642 /* UITest.swift */,
			);
			path = myGithubTests;
			sourceTree = "<group>";
		};
/* End PBXGroup section */

/* Begin PBXNativeTarget section */
		D8E819F51E3B63DB0098EC6B /* myGithub */ = {
			isa = PBXNativeTarget;
			buildConfigurationList = D8E81A081E3B63DB0098EC6B /* Build configuration list for PBXNativeTarget "myGithub" */;
			buildPhases = (
				D83A92F11E3C5F1A00592A19 /* Increase Build # */,
				D8E819F21E3B63DB0098EC6B /* Sources */,
				D8E81A0D1E3B6D310098EC6B /* Carthage Build Script */,
				D8E819F31E3B63DB0098EC6B /* Frameworks */,
				D8E819F41E3B63DB0098EC6B /* Resources */,
				D8E81A911E3BA3CE0098EC6B /* Embed Frameworks */,
				D815660B1E3C420700832FCF /* Fabric */,
			);
			buildRules = (
			);
			dependencies = (
			);
			name = myGithub;
			productName = myGithub;
			productReference = D8E819F61E3B63DB0098EC6B /* myGithub.app */;
			productType = "com.apple.product-type.application";
		};
		D8E81A161E3B91FE0098EC6B /* myGithubTests */ = {
			isa = PBXNativeTarget;
			buildConfigurationList = D8E81A1E1E3B91FE0098EC6B /* Build configuration list for PBXNativeTarget "myGithubTests" */;
			buildPhases = (
				D8E81A131E3B91FE0098EC6B /* Sources */,
				D8E81A141E3B91FE0098EC6B /* Frameworks */,
				D8E81A151E3B91FE0098EC6B /* Resources */,
			);
			buildRules = (
			);
			dependencies = (
				D8E81A1D1E3B91FE0098EC6B /* PBXTargetDependency */,
			);
			name = myGithubTests;
			productName = myGithubTests;
			productReference = D8E81A171E3B91FE0098EC6B /* myGithubTests.xctest */;
			productType = "com.apple.product-type.bundle.unit-test";
		};
/* End PBXNativeTarget section */

/* Begin PBXProject section */
		D8E819EE1E3B63DB0098EC6B /* Project object */ = {
			isa = PBXProject;
			attributes = {
				LastSwiftUpdateCheck = 0820;
				LastUpgradeCheck = 0820;
				ORGANIZATIONNAME = "ナム Nam Nguyen";
				TargetAttributes = {
					D8E819F51E3B63DB0098EC6B = {
						CreatedOnToolsVersion = 8.2.1;
						DevelopmentTeam = 7MD88PM2GZ;
						LastSwiftMigration = 0820;
						ProvisioningStyle = Manual;
					};
					D8E81A161E3B91FE0098EC6B = {
						CreatedOnToolsVersion = 8.2.1;
						DevelopmentTeam = 7MD88PM2GZ;
						ProvisioningStyle = Automatic;
						TestTargetID = D8E819F51E3B63DB0098EC6B;
					};
				};
			};
			buildConfigurationList = D8E819F11E3B63DB0098EC6B /* Build configuration list for PBXProject "myGithub" */;
			compatibilityVersion = "Xcode 3.2";
			developmentRegion = English;
			hasScannedForEncodings = 0;
			knownRegions = (
				en,
				Base,
			);
			mainGroup = D8E819ED1E3B63DB0098EC6B;
			productRefGroup = D8E819F71E3B63DB0098EC6B /* Products */;
			projectDirPath = "";
			projectRoot = "";
			targets = (
				D8E819F51E3B63DB0098EC6B /* myGithub */,
				D8E81A161E3B91FE0098EC6B /* myGithubTests */,
			);
		};
/* End PBXProject section */

/* Begin PBXResourcesBuildPhase section */
		D8E819F41E3B63DB0098EC6B /* Resources */ = {
			isa = PBXResourcesBuildPhase;
			buildActionMask = 2147483647;
			files = (
				D8E81A041E3B63DB0098EC6B /* LaunchScreen.storyboard in Resources */,
				D8E81A011E3B63DB0098EC6B /* Assets.xcassets in Resources */,
				D8E819FF1E3B63DB0098EC6B /* Main.storyboard in Resources */,
			);
			runOnlyForDeploymentPostprocessing = 0;
		};
		D8E81A151E3B91FE0098EC6B /* Resources */ = {
			isa = PBXResourcesBuildPhase;
			buildActionMask = 2147483647;
			files = (
				D86BBAA41E3F1FF100561BDE /* userRepositories_Sample.json in Resources */,
				D8ABD8581E45D4EE008B577E /* Main.storyboard in Resources */,
			);
			runOnlyForDeploymentPostprocessing = 0;
		};
/* End PBXResourcesBuildPhase section */

/* Begin PBXShellScriptBuildPhase section */
		D815660B1E3C420700832FCF /* Fabric */ = {
			isa = PBXShellScriptBuildPhase;
			buildActionMask = 2147483647;
			files = (
			);
			inputPaths = (
			);
			name = Fabric;
			outputPaths = (
			);
			runOnlyForDeploymentPostprocessing = 0;
			shellPath = /bin/sh;
			shellScript = "./Fabric.framework/run fca76e678efeaf8682df31226be43eda4cd3d279 fdd093e0d2f3ce9adbae6f4f047ddf06f5f7cca4c997581f3886cc698f129c39";
		};
		D83A92F11E3C5F1A00592A19 /* Increase Build # */ = {
			isa = PBXShellScriptBuildPhase;
			buildActionMask = 2147483647;
			files = (
			);
			inputPaths = (
			);
			name = "Increase Build #";
			outputPaths = (
			);
			runOnlyForDeploymentPostprocessing = 0;
			shellPath = /bin/sh;
			shellScript = "buildNumber=$(/usr/libexec/PlistBuddy -c \"Print CFBundleVersion\" \"$INFOPLIST_FILE\")\nbuildNumber=$(($buildNumber + 1))\n/usr/libexec/PlistBuddy -c \"Set :CFBundleVersion $buildNumber\" \"$INFOPLIST_FILE\"\n";
		};
		D8E81A0D1E3B6D310098EC6B /* Carthage Build Script */ = {
			isa = PBXShellScriptBuildPhase;
			buildActionMask = 2147483647;
			files = (
			);
			inputPaths = (
				"$(SRCROOT)/Carthage/Build/iOS/IGListKit.framework",
				"$(SRCROOT)/Carthage/Build/iOS/Moya.framework",
				"$(SRCROOT)/Carthage/Build/iOS/Alamofire.framework",
				"$(SRCROOT)/Carthage/Build/iOS/ReactiveMoya.framework",
				"$(SRCROOT)/Carthage/Build/iOS/ReactiveSwift.framework",
				"$(SRCROOT)/Carthage/Build/iOS/Result.framework",
				"$(SRCROOT)/Carthage/Build/iOS/RxBlocking.framework",
				"$(SRCROOT)/Carthage/Build/iOS/RxCocoa.framework",
				"$(SRCROOT)/Carthage/Build/iOS/RxMoya.framework",
				"$(SRCROOT)/Carthage/Build/iOS/RxSwift.framework",
				"$(SRCROOT)/Carthage/Build/iOS/SwiftyJSON.framework",
				"$(SRCROOT)/Carthage/Build/iOS/GDPerformanceView.framework",
				"$(SRCROOT)/Carthage/Build/iOS/Chameleon.framework",
				"$(SRCROOT)/Carthage/Build/iOS/ReSwift.framework",
			);
			name = "Carthage Build Script";
			outputPaths = (
			);
			runOnlyForDeploymentPostprocessing = 0;
			shellPath = /bin/sh;
			shellScript = "/usr/local/bin/carthage copy-frameworks\n./clean.sh";
		};
/* End PBXShellScriptBuildPhase section */

/* Begin PBXSourcesBuildPhase section */
		D8E819F21E3B63DB0098EC6B /* Sources */ = {
			isa = PBXSourcesBuildPhase;
			buildActionMask = 2147483647;
			files = (
				D8E81A121E3B83D50098EC6B /* Api.swift in Sources */,
				D81566051E3BC65E00832FCF /* RepoSectionController.swift in Sources */,
				D8E819FC1E3B63DB0098EC6B /* ViewController.swift in Sources */,
				D81566081E3BC9C800832FCF /* RepositoryCell.swift in Sources */,
				D8A69DED1E4EF065008484D1 /* CounterReducer.swift in Sources */,
				D83A92EF1E3C5D3500592A19 /* EmptyView.swift in Sources */,
				D81566111E3C58FA00832FCF /* FastViewController.swift in Sources */,
				D8E81AAC1E3BBD590098EC6B /* RepositoriesLoader.swift in Sources */,
				D8E819FA1E3B63DB0098EC6B /* AppDelegate.swift in Sources */,
			);
			runOnlyForDeploymentPostprocessing = 0;
		};
		D8E81A131E3B91FE0098EC6B /* Sources */ = {
			isa = PBXSourcesBuildPhase;
			buildActionMask = 2147483647;
			files = (
				D815660A1E3BD03900832FCF /* ViewController.swift in Sources */,
				D88D20A91E49B15F00A49642 /* UITest.swift in Sources */,
				D81566091E3BC9C800832FCF /* RepositoryCell.swift in Sources */,
				D8E81A851E3B9C560098EC6B /* Api.swift in Sources */,
				D81566061E3BC65E00832FCF /* RepoSectionController.swift in Sources */,
				D83A92F01E3C5D3500592A19 /* EmptyView.swift in Sources */,
				D81566121E3C58FA00832FCF /* FastViewController.swift in Sources */,
				D86BBAA61E3F214500561BDE /* TestHelper.swift in Sources */,
				D8E81AAD1E3BBD590098EC6B /* RepositoriesLoader.swift in Sources */,
				D8E81A1A1E3B91FE0098EC6B /* myGithubTests.swift in Sources */,
				D8C50C9E1E45DE840059A592 /* ExtTest.swift in Sources */,
			);
			runOnlyForDeploymentPostprocessing = 0;
		};
/* End PBXSourcesBuildPhase section */

/* Begin PBXTargetDependency section */
		D8E81A1D1E3B91FE0098EC6B /* PBXTargetDependency */ = {
			isa = PBXTargetDependency;
			target = D8E819F51E3B63DB0098EC6B /* myGithub */;
			targetProxy = D8E81A1C1E3B91FE0098EC6B /* PBXContainerItemProxy */;
		};
/* End PBXTargetDependency section */

/* Begin PBXVariantGroup section */
		D8E819FD1E3B63DB0098EC6B /* Main.storyboard */ = {
			isa = PBXVariantGroup;
			children = (
				D8E819FE1E3B63DB0098EC6B /* Base */,
			);
			name = Main.storyboard;
			sourceTree = "<group>";
		};
		D8E81A021E3B63DB0098EC6B /* LaunchScreen.storyboard */ = {
			isa = PBXVariantGroup;
			children = (
				D8E81A031E3B63DB0098EC6B /* Base */,
			);
			name = LaunchScreen.storyboard;
			sourceTree = "<group>";
		};
/* End PBXVariantGroup section */

/* Begin XCBuildConfiguration section */
		D8E81A061E3B63DB0098EC6B /* Debug */ = {
			isa = XCBuildConfiguration;
			buildSettings = {
				ALWAYS_SEARCH_USER_PATHS = NO;
				CLANG_ANALYZER_NONNULL = YES;
				CLANG_CXX_LANGUAGE_STANDARD = "gnu++0x";
				CLANG_CXX_LIBRARY = "libc++";
				CLANG_ENABLE_MODULES = YES;
				CLANG_ENABLE_OBJC_ARC = YES;
				CLANG_WARN_BOOL_CONVERSION = YES;
				CLANG_WARN_CONSTANT_CONVERSION = YES;
				CLANG_WARN_DIRECT_OBJC_ISA_USAGE = YES_ERROR;
				CLANG_WARN_DOCUMENTATION_COMMENTS = YES;
				CLANG_WARN_EMPTY_BODY = YES;
				CLANG_WARN_ENUM_CONVERSION = YES;
				CLANG_WARN_INFINITE_RECURSION = YES;
				CLANG_WARN_INT_CONVERSION = YES;
				CLANG_WARN_OBJC_ROOT_CLASS = YES_ERROR;
				CLANG_WARN_SUSPICIOUS_MOVE = YES;
				CLANG_WARN_UNREACHABLE_CODE = YES;
				CLANG_WARN__DUPLICATE_METHOD_MATCH = YES;
				"CODE_SIGN_IDENTITY[sdk=iphoneos*]" = "iPhone Developer";
				DEBUG_INFORMATION_FORMAT = "dwarf-with-dsym";
				ENABLE_STRICT_OBJC_MSGSEND = YES;
				ENABLE_TESTABILITY = YES;
				GCC_C_LANGUAGE_STANDARD = gnu99;
				GCC_DYNAMIC_NO_PIC = NO;
				GCC_NO_COMMON_BLOCKS = YES;
				GCC_OPTIMIZATION_LEVEL = 0;
				GCC_PREPROCESSOR_DEFINITIONS = (
					"DEBUG=1",
					"$(inherited)",
				);
				GCC_WARN_64_TO_32_BIT_CONVERSION = YES;
				GCC_WARN_ABOUT_RETURN_TYPE = YES_ERROR;
				GCC_WARN_UNDECLARED_SELECTOR = YES;
				GCC_WARN_UNINITIALIZED_AUTOS = YES_AGGRESSIVE;
				GCC_WARN_UNUSED_FUNCTION = YES;
				GCC_WARN_UNUSED_VARIABLE = YES;
				IPHONEOS_DEPLOYMENT_TARGET = 10.2;
				LD_RUNPATH_SEARCH_PATHS = "$(PROJECT_DIR)/Frameworks $(PROJECT_DIR)/Carthage/Build/iOS";
				MTL_ENABLE_DEBUG_INFO = YES;
				ONLY_ACTIVE_ARCH = YES;
				SDKROOT = iphoneos;
				SWIFT_ACTIVE_COMPILATION_CONDITIONS = DEBUG;
				SWIFT_OPTIMIZATION_LEVEL = "-Onone";
				SWIFT_VERSION = 3.0;
				TARGETED_DEVICE_FAMILY = "1,2";
			};
			name = Debug;
		};
		D8E81A071E3B63DB0098EC6B /* Release */ = {
			isa = XCBuildConfiguration;
			buildSettings = {
				ALWAYS_SEARCH_USER_PATHS = NO;
				CLANG_ANALYZER_NONNULL = YES;
				CLANG_CXX_LANGUAGE_STANDARD = "gnu++0x";
				CLANG_CXX_LIBRARY = "libc++";
				CLANG_ENABLE_MODULES = YES;
				CLANG_ENABLE_OBJC_ARC = YES;
				CLANG_WARN_BOOL_CONVERSION = YES;
				CLANG_WARN_CONSTANT_CONVERSION = YES;
				CLANG_WARN_DIRECT_OBJC_ISA_USAGE = YES_ERROR;
				CLANG_WARN_DOCUMENTATION_COMMENTS = YES;
				CLANG_WARN_EMPTY_BODY = YES;
				CLANG_WARN_ENUM_CONVERSION = YES;
				CLANG_WARN_INFINITE_RECURSION = YES;
				CLANG_WARN_INT_CONVERSION = YES;
				CLANG_WARN_OBJC_ROOT_CLASS = YES_ERROR;
				CLANG_WARN_SUSPICIOUS_MOVE = YES;
				CLANG_WARN_UNREACHABLE_CODE = YES;
				CLANG_WARN__DUPLICATE_METHOD_MATCH = YES;
				"CODE_SIGN_IDENTITY[sdk=iphoneos*]" = "iPhone Developer";
				DEBUG_INFORMATION_FORMAT = "dwarf-with-dsym";
				ENABLE_NS_ASSERTIONS = NO;
				ENABLE_STRICT_OBJC_MSGSEND = YES;
				GCC_C_LANGUAGE_STANDARD = gnu99;
				GCC_NO_COMMON_BLOCKS = YES;
				GCC_WARN_64_TO_32_BIT_CONVERSION = YES;
				GCC_WARN_ABOUT_RETURN_TYPE = YES_ERROR;
				GCC_WARN_UNDECLARED_SELECTOR = YES;
				GCC_WARN_UNINITIALIZED_AUTOS = YES_AGGRESSIVE;
				GCC_WARN_UNUSED_FUNCTION = YES;
				GCC_WARN_UNUSED_VARIABLE = YES;
				IPHONEOS_DEPLOYMENT_TARGET = 10.2;
				LD_RUNPATH_SEARCH_PATHS = "$(PROJECT_DIR)/Frameworks $(PROJECT_DIR)/Carthage/Build/iOS";
				MTL_ENABLE_DEBUG_INFO = NO;
				SDKROOT = iphoneos;
				SWIFT_OPTIMIZATION_LEVEL = "-Owholemodule";
				SWIFT_VERSION = 3.0;
				TARGETED_DEVICE_FAMILY = "1,2";
				VALIDATE_PRODUCT = YES;
			};
			name = Release;
		};
		D8E81A091E3B63DB0098EC6B /* Debug */ = {
			isa = XCBuildConfiguration;
			buildSettings = {
				ASSETCATALOG_COMPILER_APPICON_NAME = AppIcon;
				CLANG_ENABLE_MODULES = YES;
				"CODE_SIGN_IDENTITY[sdk=iphoneos*]" = "iPhone Developer";
				DEFINES_MODULE = YES;
				DEVELOPMENT_TEAM = 7MD88PM2GZ;
				FRAMEWORK_SEARCH_PATHS = (
					"$(inherited)",
					"$(PROJECT_DIR)/Carthage/Build/iOS",
					"$(PROJECT_DIR)",
				);
				INFOPLIST_FILE = myGithub/Info.plist;
				IPHONEOS_DEPLOYMENT_TARGET = 8.0;
				LD_RUNPATH_SEARCH_PATHS = "$(inherited) @executable_path/Frameworks $(PROJECT_DIR)/Frameworks";
				PRODUCT_BUNDLE_IDENTIFIER = com.namnh.myGithub;
				PRODUCT_NAME = "$(TARGET_NAME)";
				PROVISIONING_PROFILE = "3c53b13b-6d2d-41a1-a95e-116f77b39817";
				PROVISIONING_PROFILE_SPECIFIER = "myGithub Development";
				SWIFT_OBJC_BRIDGING_HEADER = "myGithub/myGithub-Bridging-Header.h";
				SWIFT_OPTIMIZATION_LEVEL = "-Onone";
				SWIFT_VERSION = 3.0;
			};
			name = Debug;
		};
		D8E81A0A1E3B63DB0098EC6B /* Release */ = {
			isa = XCBuildConfiguration;
			buildSettings = {
				ASSETCATALOG_COMPILER_APPICON_NAME = AppIcon;
				CLANG_ENABLE_MODULES = YES;
				"CODE_SIGN_IDENTITY[sdk=iphoneos*]" = "iPhone Developer";
				DEFINES_MODULE = YES;
				DEVELOPMENT_TEAM = 7MD88PM2GZ;
				FRAMEWORK_SEARCH_PATHS = (
					"$(inherited)",
					"$(PROJECT_DIR)/Carthage/Build/iOS",
					"$(PROJECT_DIR)",
				);
				INFOPLIST_FILE = myGithub/Info.plist;
				IPHONEOS_DEPLOYMENT_TARGET = 8.0;
				LD_RUNPATH_SEARCH_PATHS = "$(inherited) @executable_path/Frameworks $(PROJECT_DIR)/Frameworks";
				PRODUCT_BUNDLE_IDENTIFIER = com.namnh.myGithub;
				PRODUCT_NAME = "$(TARGET_NAME)";
				PROVISIONING_PROFILE = "3c53b13b-6d2d-41a1-a95e-116f77b39817";
				PROVISIONING_PROFILE_SPECIFIER = "myGithub Development";
				SWIFT_OBJC_BRIDGING_HEADER = "myGithub/myGithub-Bridging-Header.h";
				SWIFT_VERSION = 3.0;
			};
			name = Release;
		};
		D8E81A1F1E3B91FE0098EC6B /* Debug */ = {
			isa = XCBuildConfiguration;
			buildSettings = {
				BUNDLE_LOADER = "$(TEST_HOST)";
				DEVELOPMENT_TEAM = 7MD88PM2GZ;
				FRAMEWORK_SEARCH_PATHS = (
					"$(inherited)",
					"$(PROJECT_DIR)/Carthage/Build/iOS",
				);
				INFOPLIST_FILE = myGithubTests/Info.plist;
				LD_RUNPATH_SEARCH_PATHS = "$(inherited) @executable_path/Frameworks @loader_path/Frameworks $(PROJECT_DIR)/Frameworks $(PROJECT_DIR)/Carthage/Build/iOS";
				PRODUCT_BUNDLE_IDENTIFIER = com.namnh.myGithubTests;
				PRODUCT_NAME = "$(TARGET_NAME)";
				TEST_HOST = "$(BUILT_PRODUCTS_DIR)/myGithub.app/myGithub";
			};
			name = Debug;
		};
		D8E81A201E3B91FE0098EC6B /* Release */ = {
			isa = XCBuildConfiguration;
			buildSettings = {
				BUNDLE_LOADER = "$(TEST_HOST)";
				DEVELOPMENT_TEAM = 7MD88PM2GZ;
				FRAMEWORK_SEARCH_PATHS = (
					"$(inherited)",
					"$(PROJECT_DIR)/Carthage/Build/iOS",
				);
				INFOPLIST_FILE = myGithubTests/Info.plist;
				LD_RUNPATH_SEARCH_PATHS = "$(inherited) @executable_path/Frameworks @loader_path/Frameworks $(PROJECT_DIR)/Frameworks $(PROJECT_DIR)/Carthage/Build/iOS";
				PRODUCT_BUNDLE_IDENTIFIER = com.namnh.myGithubTests;
				PRODUCT_NAME = "$(TARGET_NAME)";
				TEST_HOST = "$(BUILT_PRODUCTS_DIR)/myGithub.app/myGithub";
			};
			name = Release;
		};
/* End XCBuildConfiguration section */

/* Begin XCConfigurationList section */
		D8E819F11E3B63DB0098EC6B /* Build configuration list for PBXProject "myGithub" */ = {
			isa = XCConfigurationList;
			buildConfigurations = (
				D8E81A061E3B63DB0098EC6B /* Debug */,
				D8E81A071E3B63DB0098EC6B /* Release */,
			);
			defaultConfigurationIsVisible = 0;
			defaultConfigurationName = Release;
		};
		D8E81A081E3B63DB0098EC6B /* Build configuration list for PBXNativeTarget "myGithub" */ = {
			isa = XCConfigurationList;
			buildConfigurations = (
				D8E81A091E3B63DB0098EC6B /* Debug */,
				D8E81A0A1E3B63DB0098EC6B /* Release */,
			);
			defaultConfigurationIsVisible = 0;
			defaultConfigurationName = Release;
		};
		D8E81A1E1E3B91FE0098EC6B /* Build configuration list for PBXNativeTarget "myGithubTests" */ = {
			isa = XCConfigurationList;
			buildConfigurations = (
				D8E81A1F1E3B91FE0098EC6B /* Debug */,
				D8E81A201E3B91FE0098EC6B /* Release */,
			);
			defaultConfigurationIsVisible = 0;
			defaultConfigurationName = Release;
		};
/* End XCConfigurationList section */
	};
	rootObject = D8E819EE1E3B63DB0098EC6B /* Project object */;
}
